PODS:
  - Alamofire (4.9.0)
  - Mockingjay (2.0.1):
    - Mockingjay/Core (= 2.0.1)
    - Mockingjay/XCTest (= 2.0.1)
  - Mockingjay/Core (2.0.1):
    - URITemplate (~> 2.0)
  - Mockingjay/XCTest (2.0.1):
    - Mockingjay/Core
  - NVActivityIndicatorView (4.7.0):
    - NVActivityIndicatorView/Presenter (= 4.7.0)
  - NVActivityIndicatorView/Presenter (4.7.0)
  - SwiftyJSON (5.0.0)
  - URITemplate (2.0.3)
  - XCoordinator (1.5.2):
    - XCoordinator/Core (= 1.5.2)
  - XCoordinator/Core (1.5.2)

DEPENDENCIES:
  - Alamofire
  - Mockingjay
  - NVActivityIndicatorView
  - SwiftyJSON
  - XCoordinator

SPEC REPOS:
  https://github.com/cocoapods/specs.git:
    - Alamofire
    - Mockingjay
    - NVActivityIndicatorView
    - SwiftyJSON
    - URITemplate
    - XCoordinator

SPEC CHECKSUMS:
  Alamofire: afc3e7c6db61476cb45cdd23fed06bad03bbc321
  Mockingjay: 11a621880d2887f1775bdcf824341eb68f218450
  NVActivityIndicatorView: b19ddab2576f805cbe0fb2306cba3476e09a1dea
  SwiftyJSON: 36413e04c44ee145039d332b4f4e2d3e8d6c4db7
  URITemplate: ace0c4c46dcf8afe6e89b4060621852886b15c3b
  XCoordinator: 606dcbf1728f30a280b9a0f1f26e2ee439f61ac9

PODFILE CHECKSUM: 46a7b2791327a0ecd90a271dcbdc1d43795c56a4

COCOAPODS: 1.7.5
